
Microsoft Visual Studio Solution File, Format Version 12.00
# Visual Studio Version 17
VisualStudioVersion = 17.8.34511.84
MinimumVisualStudioVersion = 10.0.40219.1
Project("{FAE04EC0-301F-11D3-BF4B-00C04F79EFBC}") = "BookManagementAPI", "BookManagementAPI\BookManagementAPI.csproj", "{39AEBA41-50F3-42C1-994B-F2655477265C}"
EndProject
Project("{FAE04EC0-301F-11D3-BF4B-00C04F79EFBC}") = "BookManagement.Application", "BookManagement.Application\BookManagement.Application.csproj", "{CD2F4F1E-8AAC-4036-9B37-3496BEBF2F92}"
EndProject
Project("{FAE04EC0-301F-11D3-BF4B-00C04F79EFBC}") = "BookManagement.Infrastructure", "BookManagement.Infrastructure\BookManagement.Infrastructure.csproj", "{261822F6-B763-4246-964E-06EE252B0609}"
EndProject
Global
	GlobalSection(SolutionConfigurationPlatforms) = preSolution
		Debug|Any CPU = Debug|Any CPU
		Release|Any CPU = Release|Any CPU
	EndGlobalSection
	GlobalSection(ProjectConfigurationPlatforms) = postSolution
		{39AEBA41-50F3-42C1-994B-F2655477265C}.Debug|Any CPU.ActiveCfg = Debug|Any CPU
		{39AEBA41-50F3-42C1-994B-F2655477265C}.Debug|Any CPU.Build.0 = Debug|Any CPU
		{39AEBA41-50F3-42C1-994B-F2655477265C}.Release|Any CPU.ActiveCfg = Release|Any CPU
		{39AEBA41-50F3-42C1-994B-F2655477265C}.Release|Any CPU.Build.0 = Release|Any CPU
		{CD2F4F1E-8AAC-4036-9B37-3496BEBF2F92}.Debug|Any CPU.ActiveCfg = Debug|Any CPU
		{CD2F4F1E-8AAC-4036-9B37-3496BEBF2F92}.Debug|Any CPU.Build.0 = Debug|Any CPU
		{CD2F4F1E-8AAC-4036-9B37-3496BEBF2F92}.Release|Any CPU.ActiveCfg = Release|Any CPU
		{CD2F4F1E-8AAC-4036-9B37-3496BEBF2F92}.Release|Any CPU.Build.0 = Release|Any CPU
		{261822F6-B763-4246-964E-06EE252B0609}.Debug|Any CPU.ActiveCfg = Debug|Any CPU
		{261822F6-B763-4246-964E-06EE252B0609}.Debug|Any CPU.Build.0 = Debug|Any CPU
		{261822F6-B763-4246-964E-06EE252B0609}.Release|Any CPU.ActiveCfg = Release|Any CPU
		{261822F6-B763-4246-964E-06EE252B0609}.Release|Any CPU.Build.0 = Release|Any CPU
	EndGlobalSection
	GlobalSection(SolutionProperties) = preSolution
		HideSolutionNode = FALSE
	EndGlobalSection
	GlobalSection(ExtensibilityGlobals) = postSolution
		SolutionGuid = {E3EE6CE8-B1B0-4DFC-B20E-381925304828}
	EndGlobalSection
EndGlobal
